// !$*UTF8*$!
{
	archiveVersion = 1;
	classes = {
	};
	objectVersion = 55;
	objects = {

/* Begin PBXBuildFile section */
		6FA22BF326893245002EFD71 /* CloudKit.framework in Frameworks */ = {isa = PBXBuildFile; fileRef = 6FA22BF226893245002EFD71 /* CloudKit.framework */; };
		6FA22BFC26893F2C002EFD71 /* SortedByDeadlineView.swift in Sources */ = {isa = PBXBuildFile; fileRef = 6FA22BFB26893F2C002EFD71 /* SortedByDeadlineView.swift */; };
		6FA22BFE26894057002EFD71 /* SortedByGroupView.swift in Sources */ = {isa = PBXBuildFile; fileRef = 6FA22BFD26894057002EFD71 /* SortedByGroupView.swift */; };
		6FA22C17268A03C0002EFD71 /* Localizable.strings in Resources */ = {isa = PBXBuildFile; fileRef = 6FA22C15268A03C0002EFD71 /* Localizable.strings */; };
		6FEA2DAE2688F2E90076FED3 /* BacklogApp.swift in Sources */ = {isa = PBXBuildFile; fileRef = 6FEA2DAD2688F2E90076FED3 /* BacklogApp.swift */; };
		6FEA2DB02688F2E90076FED3 /* ContentView.swift in Sources */ = {isa = PBXBuildFile; fileRef = 6FEA2DAF2688F2E90076FED3 /* ContentView.swift */; };
		6FEA2DB22688F2EA0076FED3 /* Assets.xcassets in Resources */ = {isa = PBXBuildFile; fileRef = 6FEA2DB12688F2EA0076FED3 /* Assets.xcassets */; };
		6FEA2DB52688F2EA0076FED3 /* Preview Assets.xcassets in Resources */ = {isa = PBXBuildFile; fileRef = 6FEA2DB42688F2EA0076FED3 /* Preview Assets.xcassets */; };
		6FEA2DB72688F2EA0076FED3 /* Persistence.swift in Sources */ = {isa = PBXBuildFile; fileRef = 6FEA2DB62688F2EA0076FED3 /* Persistence.swift */; };
		6FEA2DBA2688F2EA0076FED3 /* Backlog.xcdatamodeld in Sources */ = {isa = PBXBuildFile; fileRef = 6FEA2DB82688F2EA0076FED3 /* Backlog.xcdatamodeld */; };
		6FEA2DCA2688FD240076FED3 /* CreateTask.swift in Sources */ = {isa = PBXBuildFile; fileRef = 6FEA2DC92688FD240076FED3 /* CreateTask.swift */; };
		6FEA2DD4268909D90076FED3 /* TaskRow.swift in Sources */ = {isa = PBXBuildFile; fileRef = 6FEA2DD3268909D90076FED3 /* TaskRow.swift */; };
		6FFBA75F268917AC004332F7 /* TaskDetail.swift in Sources */ = {isa = PBXBuildFile; fileRef = 6FFBA75E268917AC004332F7 /* TaskDetail.swift */; };
/* End PBXBuildFile section */

/* Begin PBXFileReference section */
		6FA22BF026893204002EFD71 /* Backlog.entitlements */ = {isa = PBXFileReference; lastKnownFileType = text.plist.entitlements; path = Backlog.entitlements; sourceTree = "<group>"; };
		6FA22BF226893245002EFD71 /* CloudKit.framework */ = {isa = PBXFileReference; lastKnownFileType = wrapper.framework; name = CloudKit.framework; path = System/Library/Frameworks/CloudKit.framework; sourceTree = SDKROOT; };
		6FA22BFB26893F2C002EFD71 /* SortedByDeadlineView.swift */ = {isa = PBXFileReference; lastKnownFileType = sourcecode.swift; path = SortedByDeadlineView.swift; sourceTree = "<group>"; };
		6FA22BFD26894057002EFD71 /* SortedByGroupView.swift */ = {isa = PBXFileReference; lastKnownFileType = sourcecode.swift; path = SortedByGroupView.swift; sourceTree = "<group>"; };
		6FA22C16268A03C0002EFD71 /* ru */ = {isa = PBXFileReference; lastKnownFileType = text.plist.strings; name = ru; path = ru.lproj/Localizable.strings; sourceTree = "<group>"; };
		6FA22C18268A0619002EFD71 /* en */ = {isa = PBXFileReference; lastKnownFileType = text.plist.strings; name = en; path = en.lproj/Localizable.strings; sourceTree = "<group>"; };
		6FA22C31268A38D7002EFD71 /* Tasks-Info.plist */ = {isa = PBXFileReference; lastKnownFileType = text.plist; path = "Tasks-Info.plist"; sourceTree = "<group>"; };
		6FEA2DAA2688F2E90076FED3 /* Tasks iOS.app */ = {isa = PBXFileReference; explicitFileType = wrapper.application; includeInIndex = 0; path = "Tasks iOS.app"; sourceTree = BUILT_PRODUCTS_DIR; };
		6FEA2DAD2688F2E90076FED3 /* BacklogApp.swift */ = {isa = PBXFileReference; lastKnownFileType = sourcecode.swift; path = BacklogApp.swift; sourceTree = "<group>"; };
		6FEA2DAF2688F2E90076FED3 /* ContentView.swift */ = {isa = PBXFileReference; lastKnownFileType = sourcecode.swift; path = ContentView.swift; sourceTree = "<group>"; };
		6FEA2DB12688F2EA0076FED3 /* Assets.xcassets */ = {isa = PBXFileReference; lastKnownFileType = folder.assetcatalog; path = Assets.xcassets; sourceTree = "<group>"; };
		6FEA2DB42688F2EA0076FED3 /* Preview Assets.xcassets */ = {isa = PBXFileReference; lastKnownFileType = folder.assetcatalog; path = "Preview Assets.xcassets"; sourceTree = "<group>"; };
		6FEA2DB62688F2EA0076FED3 /* Persistence.swift */ = {isa = PBXFileReference; lastKnownFileType = sourcecode.swift; path = Persistence.swift; sourceTree = "<group>"; };
		6FEA2DB92688F2EA0076FED3 /* Backlog.xcdatamodel */ = {isa = PBXFileReference; lastKnownFileType = wrapper.xcdatamodel; path = Backlog.xcdatamodel; sourceTree = "<group>"; };
		6FEA2DC92688FD240076FED3 /* CreateTask.swift */ = {isa = PBXFileReference; lastKnownFileType = sourcecode.swift; path = CreateTask.swift; sourceTree = "<group>"; };
		6FEA2DD3268909D90076FED3 /* TaskRow.swift */ = {isa = PBXFileReference; lastKnownFileType = sourcecode.swift; path = TaskRow.swift; sourceTree = "<group>"; };
		6FFBA75E268917AC004332F7 /* TaskDetail.swift */ = {isa = PBXFileReference; lastKnownFileType = sourcecode.swift; path = TaskDetail.swift; sourceTree = "<group>"; };
/* End PBXFileReference section */

/* Begin PBXFrameworksBuildPhase section */
		6FEA2DA72688F2E90076FED3 /* Frameworks */ = {
			isa = PBXFrameworksBuildPhase;
			buildActionMask = 2147483647;
			files = (
				6FA22BF326893245002EFD71 /* CloudKit.framework in Frameworks */,
			);
			runOnlyForDeploymentPostprocessing = 0;
		};
/* End PBXFrameworksBuildPhase section */

/* Begin PBXGroup section */
		6FA22BF126893245002EFD71 /* Frameworks */ = {
			isa = PBXGroup;
			children = (
				6FA22BF226893245002EFD71 /* CloudKit.framework */,
			);
			name = Frameworks;
			sourceTree = "<group>";
		};
		6FA22BF826893B8F002EFD71 /* Task Views */ = {
			isa = PBXGroup;
			children = (
				6FEA2DC92688FD240076FED3 /* CreateTask.swift */,
				6FEA2DD3268909D90076FED3 /* TaskRow.swift */,
				6FFBA75E268917AC004332F7 /* TaskDetail.swift */,
			);
			path = "Task Views";
			sourceTree = "<group>";
		};
		6FA22BFA26893EE1002EFD71 /* List Views */ = {
			isa = PBXGroup;
			children = (
				6FA22BFB26893F2C002EFD71 /* SortedByDeadlineView.swift */,
				6FA22BFD26894057002EFD71 /* SortedByGroupView.swift */,
			);
			path = "List Views";
			sourceTree = "<group>";
		};
		6FEA2DA12688F2E90076FED3 = {
			isa = PBXGroup;
			children = (
				6FA22C31268A38D7002EFD71 /* Tasks-Info.plist */,
				6FA22C15268A03C0002EFD71 /* Localizable.strings */,
				6FEA2DAC2688F2E90076FED3 /* Backlog */,
				6FEA2DAB2688F2E90076FED3 /* Products */,
				6FA22BF126893245002EFD71 /* Frameworks */,
			);
			sourceTree = "<group>";
		};
		6FEA2DAB2688F2E90076FED3 /* Products */ = {
			isa = PBXGroup;
			children = (
				6FEA2DAA2688F2E90076FED3 /* Tasks iOS.app */,
			);
			name = Products;
			sourceTree = "<group>";
		};
		6FEA2DAC2688F2E90076FED3 /* Backlog */ = {
			isa = PBXGroup;
			children = (
				6FEA2DAF2688F2E90076FED3 /* ContentView.swift */,
				6FA22BFA26893EE1002EFD71 /* List Views */,
				6FA22BF826893B8F002EFD71 /* Task Views */,
				6FEA2DAD2688F2E90076FED3 /* BacklogApp.swift */,
				6FEA2DB62688F2EA0076FED3 /* Persistence.swift */,
				6FEA2DB12688F2EA0076FED3 /* Assets.xcassets */,
				6FEA2DB82688F2EA0076FED3 /* Backlog.xcdatamodeld */,
				6FA22BF026893204002EFD71 /* Backlog.entitlements */,
				6FEA2DB32688F2EA0076FED3 /* Preview Content */,
			);
			path = Backlog;
			sourceTree = "<group>";
		};
		6FEA2DB32688F2EA0076FED3 /* Preview Content */ = {
			isa = PBXGroup;
			children = (
				6FEA2DB42688F2EA0076FED3 /* Preview Assets.xcassets */,
			);
			path = "Preview Content";
			sourceTree = "<group>";
		};
/* End PBXGroup section */

/* Begin PBXNativeTarget section */
		6FEA2DA92688F2E90076FED3 /* Tasks iOS */ = {
			isa = PBXNativeTarget;
			buildConfigurationList = 6FEA2DBD2688F2EA0076FED3 /* Build configuration list for PBXNativeTarget "Tasks iOS" */;
			buildPhases = (
				6FEA2DA62688F2E90076FED3 /* Sources */,
				6FEA2DA72688F2E90076FED3 /* Frameworks */,
				6FEA2DA82688F2E90076FED3 /* Resources */,
			);
			buildRules = (
			);
			dependencies = (
			);
			name = "Tasks iOS";
			productName = Backlog;
			productReference = 6FEA2DAA2688F2E90076FED3 /* Tasks iOS.app */;
			productType = "com.apple.product-type.application";
		};
/* End PBXNativeTarget section */

/* Begin PBXProject section */
		6FEA2DA22688F2E90076FED3 /* Project object */ = {
			isa = PBXProject;
			attributes = {
				BuildIndependentTargetsInParallel = 1;
				LastSwiftUpdateCheck = 1300;
				LastUpgradeCheck = 1300;
				TargetAttributes = {
					6FEA2DA92688F2E90076FED3 = {
						CreatedOnToolsVersion = 13.0;
					};
				};
			};
			buildConfigurationList = 6FEA2DA52688F2E90076FED3 /* Build configuration list for PBXProject "Tasks" */;
			compatibilityVersion = "Xcode 13.0";
			developmentRegion = en;
			hasScannedForEncodings = 0;
			knownRegions = (
				en,
				Base,
				ru,
			);
			mainGroup = 6FEA2DA12688F2E90076FED3;
			productRefGroup = 6FEA2DAB2688F2E90076FED3 /* Products */;
			projectDirPath = "";
			projectRoot = "";
			targets = (
				6FEA2DA92688F2E90076FED3 /* Tasks iOS */,
			);
		};
/* End PBXProject section */

/* Begin PBXResourcesBuildPhase section */
		6FEA2DA82688F2E90076FED3 /* Resources */ = {
			isa = PBXResourcesBuildPhase;
			buildActionMask = 2147483647;
			files = (
				6FEA2DB52688F2EA0076FED3 /* Preview Assets.xcassets in Resources */,
				6FA22C17268A03C0002EFD71 /* Localizable.strings in Resources */,
				6FEA2DB22688F2EA0076FED3 /* Assets.xcassets in Resources */,
			);
			runOnlyForDeploymentPostprocessing = 0;
		};
/* End PBXResourcesBuildPhase section */

/* Begin PBXSourcesBuildPhase section */
		6FEA2DA62688F2E90076FED3 /* Sources */ = {
			isa = PBXSourcesBuildPhase;
			buildActionMask = 2147483647;
			files = (
				6FEA2DB72688F2EA0076FED3 /* Persistence.swift in Sources */,
				6FEA2DD4268909D90076FED3 /* TaskRow.swift in Sources */,
				6FEA2DCA2688FD240076FED3 /* CreateTask.swift in Sources */,
				6FEA2DB02688F2E90076FED3 /* ContentView.swift in Sources */,
				6FEA2DAE2688F2E90076FED3 /* BacklogApp.swift in Sources */,
				6FFBA75F268917AC004332F7 /* TaskDetail.swift in Sources */,
				6FEA2DBA2688F2EA0076FED3 /* Backlog.xcdatamodeld in Sources */,
				6FA22BFC26893F2C002EFD71 /* SortedByDeadlineView.swift in Sources */,
				6FA22BFE26894057002EFD71 /* SortedByGroupView.swift in Sources */,
			);
			runOnlyForDeploymentPostprocessing = 0;
		};
/* End PBXSourcesBuildPhase section */

/* Begin PBXVariantGroup section */
		6FA22C15268A03C0002EFD71 /* Localizable.strings */ = {
			isa = PBXVariantGroup;
			children = (
				6FA22C16268A03C0002EFD71 /* ru */,
				6FA22C18268A0619002EFD71 /* en */,
			);
			name = Localizable.strings;
			sourceTree = "<group>";
		};
/* End PBXVariantGroup section */

/* Begin XCBuildConfiguration section */
		6FEA2DBB2688F2EA0076FED3 /* Debug */ = {
			isa = XCBuildConfiguration;
			buildSettings = {
				ALWAYS_SEARCH_USER_PATHS = NO;
				CLANG_ANALYZER_NONNULL = YES;
				CLANG_ANALYZER_NUMBER_OBJECT_CONVERSION = YES_AGGRESSIVE;
				CLANG_CXX_LANGUAGE_STANDARD = "gnu++14";
				CLANG_CXX_LIBRARY = "libc++";
				CLANG_ENABLE_MODULES = YES;
				CLANG_ENABLE_OBJC_ARC = YES;
				CLANG_ENABLE_OBJC_WEAK = YES;
				CLANG_WARN_BLOCK_CAPTURE_AUTORELEASING = YES;
				CLANG_WARN_BOOL_CONVERSION = YES;
				CLANG_WARN_COMMA = YES;
				CLANG_WARN_CONSTANT_CONVERSION = YES;
				CLANG_WARN_DEPRECATED_OBJC_IMPLEMENTATIONS = YES;
				CLANG_WARN_DIRECT_OBJC_ISA_USAGE = YES_ERROR;
				CLANG_WARN_DOCUMENTATION_COMMENTS = YES;
				CLANG_WARN_EMPTY_BODY = YES;
				CLANG_WARN_ENUM_CONVERSION = YES;
				CLANG_WARN_INFINITE_RECURSION = YES;
				CLANG_WARN_INT_CONVERSION = YES;
				CLANG_WARN_NON_LITERAL_NULL_CONVERSION = YES;
				CLANG_WARN_OBJC_IMPLICIT_RETAIN_SELF = YES;
				CLANG_WARN_OBJC_LITERAL_CONVERSION = YES;
				CLANG_WARN_OBJC_ROOT_CLASS = YES_ERROR;
				CLANG_WARN_QUOTED_INCLUDE_IN_FRAMEWORK_HEADER = YES;
				CLANG_WARN_RANGE_LOOP_ANALYSIS = YES;
				CLANG_WARN_STRICT_PROTOTYPES = YES;
				CLANG_WARN_SUSPICIOUS_MOVE = YES;
				CLANG_WARN_UNGUARDED_AVAILABILITY = YES_AGGRESSIVE;
				CLANG_WARN_UNREACHABLE_CODE = YES;
				CLANG_WARN__DUPLICATE_METHOD_MATCH = YES;
				COPY_PHASE_STRIP = NO;
				DEBUG_INFORMATION_FORMAT = dwarf;
				ENABLE_STRICT_OBJC_MSGSEND = YES;
				ENABLE_TESTABILITY = YES;
				GCC_C_LANGUAGE_STANDARD = gnu11;
				GCC_DYNAMIC_NO_PIC = NO;
				GCC_NO_COMMON_BLOCKS = YES;
				GCC_OPTIMIZATION_LEVEL = 0;
				GCC_PREPROCESSOR_DEFINITIONS = (
					"DEBUG=1",
					"$(inherited)",
				);
				GCC_WARN_64_TO_32_BIT_CONVERSION = YES;
				GCC_WARN_ABOUT_RETURN_TYPE = YES_ERROR;
				GCC_WARN_UNDECLARED_SELECTOR = YES;
				GCC_WARN_UNINITIALIZED_AUTOS = YES_AGGRESSIVE;
				GCC_WARN_UNUSED_FUNCTION = YES;
				GCC_WARN_UNUSED_VARIABLE = YES;
				IPHONEOS_DEPLOYMENT_TARGET = 15.0;
				MTL_ENABLE_DEBUG_INFO = INCLUDE_SOURCE;
				MTL_FAST_MATH = YES;
				ONLY_ACTIVE_ARCH = YES;
				SDKROOT = iphoneos;
				SWIFT_ACTIVE_COMPILATION_CONDITIONS = DEBUG;
				SWIFT_OPTIMIZATION_LEVEL = "-Onone";
			};
			name = Debug;
		};
		6FEA2DBC2688F2EA0076FED3 /* Release */ = {
			isa = XCBuildConfiguration;
			buildSettings = {
				ALWAYS_SEARCH_USER_PATHS = NO;
				CLANG_ANALYZER_NONNULL = YES;
				CLANG_ANALYZER_NUMBER_OBJECT_CONVERSION = YES_AGGRESSIVE;
				CLANG_CXX_LANGUAGE_STANDARD = "gnu++14";
				CLANG_CXX_LIBRARY = "libc++";
				CLANG_ENABLE_MODULES = YES;
				CLANG_ENABLE_OBJC_ARC = YES;
				CLANG_ENABLE_OBJC_WEAK = YES;
				CLANG_WARN_BLOCK_CAPTURE_AUTORELEASING = YES;
				CLANG_WARN_BOOL_CONVERSION = YES;
				CLANG_WARN_COMMA = YES;
				CLANG_WARN_CONSTANT_CONVERSION = YES;
				CLANG_WARN_DEPRECATED_OBJC_IMPLEMENTATIONS = YES;
				CLANG_WARN_DIRECT_OBJC_ISA_USAGE = YES_ERROR;
				CLANG_WARN_DOCUMENTATION_COMMENTS = YES;
				CLANG_WARN_EMPTY_BODY = YES;
				CLANG_WARN_ENUM_CONVERSION = YES;
				CLANG_WARN_INFINITE_RECURSION = YES;
				CLANG_WARN_INT_CONVERSION = YES;
				CLANG_WARN_NON_LITERAL_NULL_CONVERSION = YES;
				CLANG_WARN_OBJC_IMPLICIT_RETAIN_SELF = YES;
				CLANG_WARN_OBJC_LITERAL_CONVERSION = YES;
				CLANG_WARN_OBJC_ROOT_CLASS = YES_ERROR;
				CLANG_WARN_QUOTED_INCLUDE_IN_FRAMEWORK_HEADER = YES;
				CLANG_WARN_RANGE_LOOP_ANALYSIS = YES;
				CLANG_WARN_STRICT_PROTOTYPES = YES;
				CLANG_WARN_SUSPICIOUS_MOVE = YES;
				CLANG_WARN_UNGUARDED_AVAILABILITY = YES_AGGRESSIVE;
				CLANG_WARN_UNREACHABLE_CODE = YES;
				CLANG_WARN__DUPLICATE_METHOD_MATCH = YES;
				COPY_PHASE_STRIP = NO;
				DEBUG_INFORMATION_FORMAT = "dwarf-with-dsym";
				ENABLE_NS_ASSERTIONS = NO;
				ENABLE_STRICT_OBJC_MSGSEND = YES;
				GCC_C_LANGUAGE_STANDARD = gnu11;
				GCC_NO_COMMON_BLOCKS = YES;
				GCC_WARN_64_TO_32_BIT_CONVERSION = YES;
				GCC_WARN_ABOUT_RETURN_TYPE = YES_ERROR;
				GCC_WARN_UNDECLARED_SELECTOR = YES;
				GCC_WARN_UNINITIALIZED_AUTOS = YES_AGGRESSIVE;
				GCC_WARN_UNUSED_FUNCTION = YES;
				GCC_WARN_UNUSED_VARIABLE = YES;
				IPHONEOS_DEPLOYMENT_TARGET = 15.0;
				MTL_ENABLE_DEBUG_INFO = NO;
				MTL_FAST_MATH = YES;
				SDKROOT = iphoneos;
				SWIFT_COMPILATION_MODE = wholemodule;
				SWIFT_OPTIMIZATION_LEVEL = "-O";
				VALIDATE_PRODUCT = YES;
			};
			name = Release;
		};
		6FEA2DBE2688F2EA0076FED3 /* Debug */ = {
			isa = XCBuildConfiguration;
			buildSettings = {
				ASSETCATALOG_COMPILER_APPICON_NAME = AppIcon;
				ASSETCATALOG_COMPILER_GLOBAL_ACCENT_COLOR_NAME = AccentColor;
				CODE_SIGN_ENTITLEMENTS = Backlog/Backlog.entitlements;
				CODE_SIGN_STYLE = Automatic;
				CURRENT_PROJECT_VERSION = 1;
				DEVELOPMENT_ASSET_PATHS = "\"Backlog/Preview Content\"";
				DEVELOPMENT_TEAM = 94U9UR9TXD;
				ENABLE_PREVIEWS = YES;
				GENERATE_INFOPLIST_FILE = YES;
				INFOPLIST_FILE = "Tasks-Info.plist";
				INFOPLIST_KEY_CFBundleDisplayName = Tasks;
				INFOPLIST_KEY_CFBundleExecutable = Tasks;
				INFOPLIST_KEY_CFBundleName = Tasks;
				INFOPLIST_KEY_CFBundleVersion = 1;
				INFOPLIST_KEY_UIApplicationSceneManifest_Generation = YES;
				INFOPLIST_KEY_UIApplicationSupportsIndirectInputEvents = YES;
				INFOPLIST_KEY_UILaunchScreen_Generation = YES;
				INFOPLIST_KEY_UISupportedInterfaceOrientations = UIInterfaceOrientationPortrait;
				INFOPLIST_KEY_UISupportedInterfaceOrientations_iPad = "UIInterfaceOrientationPortrait UIInterfaceOrientationPortraitUpsideDown UIInterfaceOrientationLandscapeLeft UIInterfaceOrientationLandscapeRight";
				INFOPLIST_KEY_UISupportedInterfaceOrientations_iPhone = "UIInterfaceOrientationPortrait UIInterfaceOrientationLandscapeLeft UIInterfaceOrientationLandscapeRight";
				IPHONEOS_DEPLOYMENT_TARGET = 15.0;
				LD_RUNPATH_SEARCH_PATHS = (
					"$(inherited)",
					"@executable_path/Frameworks",
				);
				MARKETING_VERSION = 1.0;
				PRODUCT_BUNDLE_IDENTIFIER = com.alageev.Tasks;
				PRODUCT_NAME = "$(TARGET_NAME)";
				SWIFT_EMIT_LOC_STRINGS = YES;
				SWIFT_VERSION = 5.0;
				TARGETED_DEVICE_FAMILY = 1;
			};
			name = Debug;
		};
		6FEA2DBF2688F2EA0076FED3 /* Release */ = {
			isa = XCBuildConfiguration;
			buildSettings = {
				ASSETCATALOG_COMPILER_APPICON_NAME = AppIcon;
				ASSETCATALOG_COMPILER_GLOBAL_ACCENT_COLOR_NAME = AccentColor;
				CODE_SIGN_ENTITLEMENTS = Backlog/Backlog.entitlements;
				CODE_SIGN_STYLE = Automatic;
				CURRENT_PROJECT_VERSION = 1;
				DEVELOPMENT_ASSET_PATHS = "\"Backlog/Preview Content\"";
				DEVELOPMENT_TEAM = 94U9UR9TXD;
				ENABLE_PREVIEWS = YES;
				GENERATE_INFOPLIST_FILE = YES;
				INFOPLIST_FILE = "Tasks-Info.plist";
				INFOPLIST_KEY_CFBundleDisplayName = Tasks;
				INFOPLIST_KEY_CFBundleExecutable = Tasks;
				INFOPLIST_KEY_CFBundleName = Tasks;
				INFOPLIST_KEY_CFBundleVersion = 1;
				INFOPLIST_KEY_UIApplicationSceneManifest_Generation = YES;
				INFOPLIST_KEY_UIApplicationSupportsIndirectInputEvents = YES;
				INFOPLIST_KEY_UILaunchScreen_Generation = YES;
				INFOPLIST_KEY_UISupportedInterfaceOrientations = UIInterfaceOrientationPortrait;
				INFOPLIST_KEY_UISupportedInterfaceOrientations_iPad = "UIInterfaceOrientationPortrait UIInterfaceOrientationPortraitUpsideDown UIInterfaceOrientationLandscapeLeft UIInterfaceOrientationLandscapeRight";
				INFOPLIST_KEY_UISupportedInterfaceOrientations_iPhone = "UIInterfaceOrientationPortrait UIInterfaceOrientationLandscapeLeft UIInterfaceOrientationLandscapeRight";
				IPHONEOS_DEPLOYMENT_TARGET = 15.0;
				LD_RUNPATH_SEARCH_PATHS = (
					"$(inherited)",
					"@executable_path/Frameworks",
				);
				MARKETING_VERSION = 1.0;
				PRODUCT_BUNDLE_IDENTIFIER = com.alageev.Tasks;
				PRODUCT_NAME = "$(TARGET_NAME)";
				SWIFT_EMIT_LOC_STRINGS = YES;
				SWIFT_VERSION = 5.0;
				TARGETED_DEVICE_FAMILY = 1;
			};
			name = Release;
		};
/* End XCBuildConfiguration section */

/* Begin XCConfigurationList section */
		6FEA2DA52688F2E90076FED3 /* Build configuration list for PBXProject "Tasks" */ = {
			isa = XCConfigurationList;
			buildConfigurations = (
				6FEA2DBB2688F2EA0076FED3 /* Debug */,
				6FEA2DBC2688F2EA0076FED3 /* Release */,
			);
			defaultConfigurationIsVisible = 0;
			defaultConfigurationName = Release;
		};
		6FEA2DBD2688F2EA0076FED3 /* Build configuration list for PBXNativeTarget "Tasks iOS" */ = {
			isa = XCConfigurationList;
			buildConfigurations = (
				6FEA2DBE2688F2EA0076FED3 /* Debug */,
				6FEA2DBF2688F2EA0076FED3 /* Release */,
			);
			defaultConfigurationIsVisible = 0;
			defaultConfigurationName = Release;
		};
/* End XCConfigurationList section */

/* Begin XCVersionGroup section */
		6FEA2DB82688F2EA0076FED3 /* Backlog.xcdatamodeld */ = {
			isa = XCVersionGroup;
			children = (
				6FEA2DB92688F2EA0076FED3 /* Backlog.xcdatamodel */,
			);
			currentVersion = 6FEA2DB92688F2EA0076FED3 /* Backlog.xcdatamodel */;
			path = Backlog.xcdatamodeld;
			sourceTree = "<group>";
			versionGroupType = wrapper.xcdatamodel;
		};
/* End XCVersionGroup section */
	};
	rootObject = 6FEA2DA22688F2E90076FED3 /* Project object */;
}
